# THIS IS AN AUTOGENERATED FILE. DO NOT EDIT THIS FILE DIRECTLY.
# yarn lockfile v1


"@adraffy/ens-normalize@^1.11.0":
  version "1.11.1"
  resolved "https://registry.yarnpkg.com/@adraffy/ens-normalize/-/ens-normalize-1.11.1.tgz#6c2d657d4b2dfb37f8ea811dcb3e60843d4ac24a"
  integrity sha512-nhCBV3quEgesuf7c7KYfperqSS14T8bYuvJ8PcLJp6znkZpFc0AuW4qBtr8eKVyPPe/8RSr7sglCWPU5eaxwKQ==

"@ethersproject/abi@5.8.0", "@ethersproject/abi@^5.8.0":
  version "5.8.0"
  resolved "https://registry.yarnpkg.com/@ethersproject/abi/-/abi-5.8.0.tgz#e79bb51940ac35fe6f3262d7fe2cdb25ad5f07d9"
  integrity sha512-b9YS/43ObplgyV6SlyQsG53/vkSal0MNA1fskSC4mbnCMi8R+NkcH8K9FPYNESf6jUefBUniE4SOKms0E/KK1Q==
  dependencies:
    "@ethersproject/address" "^5.8.0"
    "@ethersproject/bignumber" "^5.8.0"
    "@ethersproject/bytes" "^5.8.0"
    "@ethersproject/constants" "^5.8.0"
    "@ethersproject/hash" "^5.8.0"
    "@ethersproject/keccak256" "^5.8.0"
    "@ethersproject/logger" "^5.8.0"
    "@ethersproject/properties" "^5.8.0"
    "@ethersproject/strings" "^5.8.0"

"@ethersproject/abstract-provider@5.8.0", "@ethersproject/abstract-provider@^5.8.0":
  version "5.8.0"
  resolved "https://registry.yarnpkg.com/@ethersproject/abstract-provider/-/abstract-provider-5.8.0.tgz#7581f9be601afa1d02b95d26b9d9840926a35b0c"
  integrity sha512-wC9SFcmh4UK0oKuLJQItoQdzS/qZ51EJegK6EmAWlh+OptpQ/npECOR3QqECd8iGHC0RJb4WKbVdSfif4ammrg==
  dependencies:
    "@ethersproject/bignumber" "^5.8.0"
    "@ethersproject/bytes" "^5.8.0"
    "@ethersproject/logger" "^5.8.0"
    "@ethersproject/networks" "^5.8.0"
    "@ethersproject/properties" "^5.8.0"
    "@ethersproject/transactions" "^5.8.0"
    "@ethersproject/web" "^5.8.0"

"@ethersproject/abstract-signer@5.8.0", "@ethersproject/abstract-signer@^5.8.0":
  version "5.8.0"
  resolved "https://registry.yarnpkg.com/@ethersproject/abstract-signer/-/abstract-signer-5.8.0.tgz#8d7417e95e4094c1797a9762e6789c7356db0754"
  integrity sha512-N0XhZTswXcmIZQdYtUnd79VJzvEwXQw6PK0dTl9VoYrEBxxCPXqS0Eod7q5TNKRxe1/5WUMuR0u0nqTF/avdCA==
  dependencies:
    "@ethersproject/abstract-provider" "^5.8.0"
    "@ethersproject/bignumber" "^5.8.0"
    "@ethersproject/bytes" "^5.8.0"
    "@ethersproject/logger" "^5.8.0"
    "@ethersproject/properties" "^5.8.0"

"@ethersproject/address@5.8.0", "@ethersproject/address@^5.8.0":
  version "5.8.0"
  resolved "https://registry.yarnpkg.com/@ethersproject/address/-/address-5.8.0.tgz#3007a2c352eee566ad745dca1dbbebdb50a6a983"
  integrity sha512-GhH/abcC46LJwshoN+uBNoKVFPxUuZm6dA257z0vZkKmU1+t8xTn8oK7B9qrj8W2rFRMch4gbJl6PmVxjxBEBA==
  dependencies:
    "@ethersproject/bignumber" "^5.8.0"
    "@ethersproject/bytes" "^5.8.0"
    "@ethersproject/keccak256" "^5.8.0"
    "@ethersproject/logger" "^5.8.0"
    "@ethersproject/rlp" "^5.8.0"

"@ethersproject/base64@5.8.0", "@ethersproject/base64@^5.8.0":
  version "5.8.0"
  resolved "https://registry.yarnpkg.com/@ethersproject/base64/-/base64-5.8.0.tgz#61c669c648f6e6aad002c228465d52ac93ee83eb"
  integrity sha512-lN0oIwfkYj9LbPx4xEkie6rAMJtySbpOAFXSDVQaBnAzYfB4X2Qr+FXJGxMoc3Bxp2Sm8OwvzMrywxyw0gLjIQ==
  dependencies:
    "@ethersproject/bytes" "^5.8.0"

"@ethersproject/basex@5.8.0", "@ethersproject/basex@^5.8.0":
  version "5.8.0"
  resolved "https://registry.yarnpkg.com/@ethersproject/basex/-/basex-5.8.0.tgz#1d279a90c4be84d1c1139114a1f844869e57d03a"
  integrity sha512-PIgTszMlDRmNwW9nhS6iqtVfdTAKosA7llYXNmGPw4YAI1PUyMv28988wAb41/gHF/WqGdoLv0erHaRcHRKW2Q==
  dependencies:
    "@ethersproject/bytes" "^5.8.0"
    "@ethersproject/properties" "^5.8.0"

"@ethersproject/bignumber@5.8.0", "@ethersproject/bignumber@^5.8.0":
  version "5.8.0"
  resolved "https://registry.yarnpkg.com/@ethersproject/bignumber/-/bignumber-5.8.0.tgz#c381d178f9eeb370923d389284efa19f69efa5d7"
  integrity sha512-ZyaT24bHaSeJon2tGPKIiHszWjD/54Sz8t57Toch475lCLljC6MgPmxk7Gtzz+ddNN5LuHea9qhAe0x3D+uYPA==
  dependencies:
    "@ethersproject/bytes" "^5.8.0"
    "@ethersproject/logger" "^5.8.0"
    bn.js "^5.2.1"

"@ethersproject/bytes@5.8.0", "@ethersproject/bytes@^5.8.0":
  version "5.8.0"
  resolved "https://registry.yarnpkg.com/@ethersproject/bytes/-/bytes-5.8.0.tgz#9074820e1cac7507a34372cadeb035461463be34"
  integrity sha512-vTkeohgJVCPVHu5c25XWaWQOZ4v+DkGoC42/TS2ond+PARCxTJvgTFUNDZovyQ/uAQ4EcpqqowKydcdmRKjg7A==
  dependencies:
    "@ethersproject/logger" "^5.8.0"

"@ethersproject/constants@5.8.0", "@ethersproject/constants@^5.8.0":
  version "5.8.0"
  resolved "https://registry.yarnpkg.com/@ethersproject/constants/-/constants-5.8.0.tgz#12f31c2f4317b113a4c19de94e50933648c90704"
  integrity sha512-wigX4lrf5Vu+axVTIvNsuL6YrV4O5AXl5ubcURKMEME5TnWBouUh0CDTWxZ2GpnRn1kcCgE7l8O5+VbV9QTTcg==
  dependencies:
    "@ethersproject/bignumber" "^5.8.0"

"@ethersproject/contracts@5.8.0":
  version "5.8.0"
  resolved "https://registry.yarnpkg.com/@ethersproject/contracts/-/contracts-5.8.0.tgz#243a38a2e4aa3e757215ea64e276f8a8c9d8ed73"
  integrity sha512-0eFjGz9GtuAi6MZwhb4uvUM216F38xiuR0yYCjKJpNfSEy4HUM8hvqqBj9Jmm0IUz8l0xKEhWwLIhPgxNY0yvQ==
  dependencies:
    "@ethersproject/abi" "^5.8.0"
    "@ethersproject/abstract-provider" "^5.8.0"
    "@ethersproject/abstract-signer" "^5.8.0"
    "@ethersproject/address" "^5.8.0"
    "@ethersproject/bignumber" "^5.8.0"
    "@ethersproject/bytes" "^5.8.0"
    "@ethersproject/constants" "^5.8.0"
    "@ethersproject/logger" "^5.8.0"
    "@ethersproject/properties" "^5.8.0"
    "@ethersproject/transactions" "^5.8.0"

"@ethersproject/hash@5.8.0", "@ethersproject/hash@^5.8.0":
  version "5.8.0"
  resolved "https://registry.yarnpkg.com/@ethersproject/hash/-/hash-5.8.0.tgz#b8893d4629b7f8462a90102572f8cd65a0192b4c"
  integrity sha512-ac/lBcTbEWW/VGJij0CNSw/wPcw9bSRgCB0AIBz8CvED/jfvDoV9hsIIiWfvWmFEi8RcXtlNwp2jv6ozWOsooA==
  dependencies:
    "@ethersproject/abstract-signer" "^5.8.0"
    "@ethersproject/address" "^5.8.0"
    "@ethersproject/base64" "^5.8.0"
    "@ethersproject/bignumber" "^5.8.0"
    "@ethersproject/bytes" "^5.8.0"
    "@ethersproject/keccak256" "^5.8.0"
    "@ethersproject/logger" "^5.8.0"
    "@ethersproject/properties" "^5.8.0"
    "@ethersproject/strings" "^5.8.0"

"@ethersproject/hdnode@5.8.0", "@ethersproject/hdnode@^5.8.0":
  version "5.8.0"
  resolved "https://registry.yarnpkg.com/@ethersproject/hdnode/-/hdnode-5.8.0.tgz#a51ae2a50bcd48ef6fd108c64cbae5e6ff34a761"
  integrity sha512-4bK1VF6E83/3/Im0ERnnUeWOY3P1BZml4ZD3wcH8Ys0/d1h1xaFt6Zc+Dh9zXf9TapGro0T4wvO71UTCp3/uoA==
  dependencies:
    "@ethersproject/abstract-signer" "^5.8.0"
    "@ethersproject/basex" "^5.8.0"
    "@ethersproject/bignumber" "^5.8.0"
    "@ethersproject/bytes" "^5.8.0"
    "@ethersproject/logger" "^5.8.0"
    "@ethersproject/pbkdf2" "^5.8.0"
    "@ethersproject/properties" "^5.8.0"
    "@ethersproject/sha2" "^5.8.0"
    "@ethersproject/signing-key" "^5.8.0"
    "@ethersproject/strings" "^5.8.0"
    "@ethersproject/transactions" "^5.8.0"
    "@ethersproject/wordlists" "^5.8.0"

"@ethersproject/json-wallets@5.8.0", "@ethersproject/json-wallets@^5.8.0":
  version "5.8.0"
  resolved "https://registry.yarnpkg.com/@ethersproject/json-wallets/-/json-wallets-5.8.0.tgz#d18de0a4cf0f185f232eb3c17d5e0744d97eb8c9"
  integrity sha512-HxblNck8FVUtNxS3VTEYJAcwiKYsBIF77W15HufqlBF9gGfhmYOJtYZp8fSDZtn9y5EaXTE87zDwzxRoTFk11w==
  dependencies:
    "@ethersproject/abstract-signer" "^5.8.0"
    "@ethersproject/address" "^5.8.0"
    "@ethersproject/bytes" "^5.8.0"
    "@ethersproject/hdnode" "^5.8.0"
    "@ethersproject/keccak256" "^5.8.0"
    "@ethersproject/logger" "^5.8.0"
    "@ethersproject/pbkdf2" "^5.8.0"
    "@ethersproject/properties" "^5.8.0"
    "@ethersproject/random" "^5.8.0"
    "@ethersproject/strings" "^5.8.0"
    "@ethersproject/transactions" "^5.8.0"
    aes-js "3.0.0"
    scrypt-js "3.0.1"

"@ethersproject/keccak256@5.8.0", "@ethersproject/keccak256@^5.8.0":
  version "5.8.0"
  resolved "https://registry.yarnpkg.com/@ethersproject/keccak256/-/keccak256-5.8.0.tgz#d2123a379567faf2d75d2aaea074ffd4df349e6a"
  integrity sha512-A1pkKLZSz8pDaQ1ftutZoaN46I6+jvuqugx5KYNeQOPqq+JZ0Txm7dlWesCHB5cndJSu5vP2VKptKf7cksERng==
  dependencies:
    "@ethersproject/bytes" "^5.8.0"
    js-sha3 "0.8.0"

"@ethersproject/logger@5.8.0", "@ethersproject/logger@^5.8.0":
  version "5.8.0"
  resolved "https://registry.yarnpkg.com/@ethersproject/logger/-/logger-5.8.0.tgz#f0232968a4f87d29623a0481690a2732662713d6"
  integrity sha512-Qe6knGmY+zPPWTC+wQrpitodgBfH7XoceCGL5bJVejmH+yCS3R8jJm8iiWuvWbG76RUmyEG53oqv6GMVWqunjA==

"@ethersproject/networks@5.8.0", "@ethersproject/networks@^5.8.0":
  version "5.8.0"
  resolved "https://registry.yarnpkg.com/@ethersproject/networks/-/networks-5.8.0.tgz#8b4517a3139380cba9fb00b63ffad0a979671fde"
  integrity sha512-egPJh3aPVAzbHwq8DD7Po53J4OUSsA1MjQp8Vf/OZPav5rlmWUaFLiq8cvQiGK0Z5K6LYzm29+VA/p4RL1FzNg==
  dependencies:
    "@ethersproject/logger" "^5.8.0"

"@ethersproject/pbkdf2@5.8.0", "@ethersproject/pbkdf2@^5.8.0":
  version "5.8.0"
  resolved "https://registry.yarnpkg.com/@ethersproject/pbkdf2/-/pbkdf2-5.8.0.tgz#cd2621130e5dd51f6a0172e63a6e4a0c0a0ec37e"
  integrity sha512-wuHiv97BrzCmfEaPbUFpMjlVg/IDkZThp9Ri88BpjRleg4iePJaj2SW8AIyE8cXn5V1tuAaMj6lzvsGJkGWskg==
  dependencies:
    "@ethersproject/bytes" "^5.8.0"
    "@ethersproject/sha2" "^5.8.0"

"@ethersproject/properties@5.8.0", "@ethersproject/properties@^5.8.0":
  version "5.8.0"
  resolved "https://registry.yarnpkg.com/@ethersproject/properties/-/properties-5.8.0.tgz#405a8affb6311a49a91dabd96aeeae24f477020e"
  integrity sha512-PYuiEoQ+FMaZZNGrStmN7+lWjlsoufGIHdww7454FIaGdbe/p5rnaCXTr5MtBYl3NkeoVhHZuyzChPeGeKIpQw==
  dependencies:
    "@ethersproject/logger" "^5.8.0"

"@ethersproject/providers@5.8.0":
  version "5.8.0"
  resolved "https://registry.yarnpkg.com/@ethersproject/providers/-/providers-5.8.0.tgz#6c2ae354f7f96ee150439f7de06236928bc04cb4"
  integrity sha512-3Il3oTzEx3o6kzcg9ZzbE+oCZYyY+3Zh83sKkn4s1DZfTUjIegHnN2Cm0kbn9YFy45FDVcuCLLONhU7ny0SsCw==
  dependencies:
    "@ethersproject/abstract-provider" "^5.8.0"
    "@ethersproject/abstract-signer" "^5.8.0"
    "@ethersproject/address" "^5.8.0"
    "@ethersproject/base64" "^5.8.0"
    "@ethersproject/basex" "^5.8.0"
    "@ethersproject/bignumber" "^5.8.0"
    "@ethersproject/bytes" "^5.8.0"
    "@ethersproject/constants" "^5.8.0"
    "@ethersproject/hash" "^5.8.0"
    "@ethersproject/logger" "^5.8.0"
    "@ethersproject/networks" "^5.8.0"
    "@ethersproject/properties" "^5.8.0"
    "@ethersproject/random" "^5.8.0"
    "@ethersproject/rlp" "^5.8.0"
    "@ethersproject/sha2" "^5.8.0"
    "@ethersproject/strings" "^5.8.0"
    "@ethersproject/transactions" "^5.8.0"
    "@ethersproject/web" "^5.8.0"
    bech32 "1.1.4"
    ws "8.18.0"

"@ethersproject/random@5.8.0", "@ethersproject/random@^5.8.0":
  version "5.8.0"
  resolved "https://registry.yarnpkg.com/@ethersproject/random/-/random-5.8.0.tgz#1bced04d49449f37c6437c701735a1a022f0057a"
  integrity sha512-E4I5TDl7SVqyg4/kkA/qTfuLWAQGXmSOgYyO01So8hLfwgKvYK5snIlzxJMk72IFdG/7oh8yuSqY2KX7MMwg+A==
  dependencies:
    "@ethersproject/bytes" "^5.8.0"
    "@ethersproject/logger" "^5.8.0"

"@ethersproject/rlp@5.8.0", "@ethersproject/rlp@^5.8.0":
  version "5.8.0"
  resolved "https://registry.yarnpkg.com/@ethersproject/rlp/-/rlp-5.8.0.tgz#5a0d49f61bc53e051532a5179472779141451de5"
  integrity sha512-LqZgAznqDbiEunaUvykH2JAoXTT9NV0Atqk8rQN9nx9SEgThA/WMx5DnW8a9FOufo//6FZOCHZ+XiClzgbqV9Q==
  dependencies:
    "@ethersproject/bytes" "^5.8.0"
    "@ethersproject/logger" "^5.8.0"

"@ethersproject/sha2@5.8.0", "@ethersproject/sha2@^5.8.0":
  version "5.8.0"
  resolved "https://registry.yarnpkg.com/@ethersproject/sha2/-/sha2-5.8.0.tgz#8954a613bb78dac9b46829c0a95de561ef74e5e1"
  integrity sha512-dDOUrXr9wF/YFltgTBYS0tKslPEKr6AekjqDW2dbn1L1xmjGR+9GiKu4ajxovnrDbwxAKdHjW8jNcwfz8PAz4A==
  dependencies:
    "@ethersproject/bytes" "^5.8.0"
    "@ethersproject/logger" "^5.8.0"
    hash.js "1.1.7"

"@ethersproject/signing-key@5.8.0", "@ethersproject/signing-key@^5.8.0":
  version "5.8.0"
  resolved "https://registry.yarnpkg.com/@ethersproject/signing-key/-/signing-key-5.8.0.tgz#9797e02c717b68239c6349394ea85febf8893119"
  integrity sha512-LrPW2ZxoigFi6U6aVkFN/fa9Yx/+4AtIUe4/HACTvKJdhm0eeb107EVCIQcrLZkxaSIgc/eCrX8Q1GtbH+9n3w==
  dependencies:
    "@ethersproject/bytes" "^5.8.0"
    "@ethersproject/logger" "^5.8.0"
    "@ethersproject/properties" "^5.8.0"
    bn.js "^5.2.1"
    elliptic "6.6.1"
    hash.js "1.1.7"

"@ethersproject/solidity@5.8.0":
  version "5.8.0"
  resolved "https://registry.yarnpkg.com/@ethersproject/solidity/-/solidity-5.8.0.tgz#429bb9fcf5521307a9448d7358c26b93695379b9"
  integrity sha512-4CxFeCgmIWamOHwYN9d+QWGxye9qQLilpgTU0XhYs1OahkclF+ewO+3V1U0mvpiuQxm5EHHmv8f7ClVII8EHsA==
  dependencies:
    "@ethersproject/bignumber" "^5.8.0"
    "@ethersproject/bytes" "^5.8.0"
    "@ethersproject/keccak256" "^5.8.0"
    "@ethersproject/logger" "^5.8.0"
    "@ethersproject/sha2" "^5.8.0"
    "@ethersproject/strings" "^5.8.0"

"@ethersproject/strings@5.8.0", "@ethersproject/strings@^5.8.0":
  version "5.8.0"
  resolved "https://registry.yarnpkg.com/@ethersproject/strings/-/strings-5.8.0.tgz#ad79fafbf0bd272d9765603215ac74fd7953908f"
  integrity sha512-qWEAk0MAvl0LszjdfnZ2uC8xbR2wdv4cDabyHiBh3Cldq/T8dPH3V4BbBsAYJUeonwD+8afVXld274Ls+Y1xXg==
  dependencies:
    "@ethersproject/bytes" "^5.8.0"
    "@ethersproject/constants" "^5.8.0"
    "@ethersproject/logger" "^5.8.0"

"@ethersproject/transactions@5.8.0", "@ethersproject/transactions@^5.8.0":
  version "5.8.0"
  resolved "https://registry.yarnpkg.com/@ethersproject/transactions/-/transactions-5.8.0.tgz#1e518822403abc99def5a043d1c6f6fe0007e46b"
  integrity sha512-UglxSDjByHG0TuU17bDfCemZ3AnKO2vYrL5/2n2oXvKzvb7Cz+W9gOWXKARjp2URVwcWlQlPOEQyAviKwT4AHg==
  dependencies:
    "@ethersproject/address" "^5.8.0"
    "@ethersproject/bignumber" "^5.8.0"
    "@ethersproject/bytes" "^5.8.0"
    "@ethersproject/constants" "^5.8.0"
    "@ethersproject/keccak256" "^5.8.0"
    "@ethersproject/logger" "^5.8.0"
    "@ethersproject/properties" "^5.8.0"
    "@ethersproject/rlp" "^5.8.0"
    "@ethersproject/signing-key" "^5.8.0"

"@ethersproject/units@5.8.0":
  version "5.8.0"
  resolved "https://registry.yarnpkg.com/@ethersproject/units/-/units-5.8.0.tgz#c12f34ba7c3a2de0e9fa0ed0ee32f3e46c5c2c6a"
  integrity sha512-lxq0CAnc5kMGIiWW4Mr041VT8IhNM+Pn5T3haO74XZWFulk7wH1Gv64HqE96hT4a7iiNMdOCFEBgaxWuk8ETKQ==
  dependencies:
    "@ethersproject/bignumber" "^5.8.0"
    "@ethersproject/constants" "^5.8.0"
    "@ethersproject/logger" "^5.8.0"

"@ethersproject/wallet@5.8.0":
  version "5.8.0"
  resolved "https://registry.yarnpkg.com/@ethersproject/wallet/-/wallet-5.8.0.tgz#49c300d10872e6986d953e8310dc33d440da8127"
  integrity sha512-G+jnzmgg6UxurVKRKvw27h0kvG75YKXZKdlLYmAHeF32TGUzHkOFd7Zn6QHOTYRFWnfjtSSFjBowKo7vfrXzPA==
  dependencies:
    "@ethersproject/abstract-provider" "^5.8.0"
    "@ethersproject/abstract-signer" "^5.8.0"
    "@ethersproject/address" "^5.8.0"
    "@ethersproject/bignumber" "^5.8.0"
    "@ethersproject/bytes" "^5.8.0"
    "@ethersproject/hash" "^5.8.0"
    "@ethersproject/hdnode" "^5.8.0"
    "@ethersproject/json-wallets" "^5.8.0"
    "@ethersproject/keccak256" "^5.8.0"
    "@ethersproject/logger" "^5.8.0"
    "@ethersproject/properties" "^5.8.0"
    "@ethersproject/random" "^5.8.0"
    "@ethersproject/signing-key" "^5.8.0"
    "@ethersproject/transactions" "^5.8.0"
    "@ethersproject/wordlists" "^5.8.0"

"@ethersproject/web@5.8.0", "@ethersproject/web@^5.8.0":
  version "5.8.0"
  resolved "https://registry.yarnpkg.com/@ethersproject/web/-/web-5.8.0.tgz#3e54badc0013b7a801463a7008a87988efce8a37"
  integrity sha512-j7+Ksi/9KfGviws6Qtf9Q7KCqRhpwrYKQPs+JBA/rKVFF/yaWLHJEH3zfVP2plVu+eys0d2DlFmhoQJayFewcw==
  dependencies:
    "@ethersproject/base64" "^5.8.0"
    "@ethersproject/bytes" "^5.8.0"
    "@ethersproject/logger" "^5.8.0"
    "@ethersproject/properties" "^5.8.0"
    "@ethersproject/strings" "^5.8.0"

"@ethersproject/wordlists@5.8.0", "@ethersproject/wordlists@^5.8.0":
  version "5.8.0"
  resolved "https://registry.yarnpkg.com/@ethersproject/wordlists/-/wordlists-5.8.0.tgz#7a5654ee8d1bb1f4dbe43f91d217356d650ad821"
  integrity sha512-2df9bbXicZws2Sb5S6ET493uJ0Z84Fjr3pC4tu/qlnZERibZCeUVuqdtt+7Tv9xxhUxHoIekIA7avrKUWHrezg==
  dependencies:
    "@ethersproject/bytes" "^5.8.0"
    "@ethersproject/hash" "^5.8.0"
    "@ethersproject/logger" "^5.8.0"
    "@ethersproject/properties" "^5.8.0"
    "@ethersproject/strings" "^5.8.0"

"@layerzerolabs/lz-evm-protocol-v2@3.0.148":
  version "3.0.148"
  resolved "https://registry.yarnpkg.com/@layerzerolabs/lz-evm-protocol-v2/-/lz-evm-protocol-v2-3.0.148.tgz#aa524d5d5e5ceada0a751c6e0b4328c73927699b"
  integrity sha512-W5m52g7bH9pNJqN3/kqGWCF6TQo9fUlSJLgPvdT+gmkfH3ZNwzXG0SnTuZaRI7LgHkopeBUZPtj2O8T5PQPYoA==

"@layerzerolabs/oapp-evm@0.4.0":
  version "0.4.0"
  resolved "https://registry.yarnpkg.com/@layerzerolabs/oapp-evm/-/oapp-evm-0.4.0.tgz#1599bc05d1f7115cdb23974805860f658326c21d"
  integrity sha512-/AixOWiirp4GH5SGL/LmsMwHKLN8BiOd46u13LSVM0UyLkrwN5ulN6kt76Ed9Z20hafbmq7mt83yZiDxHeG+XA==
  dependencies:
    ethers "^5.7.2"

"@layerzerolabs/oft-evm@4.0.0":
  version "4.0.0"
  resolved "https://registry.yarnpkg.com/@layerzerolabs/oft-evm/-/oft-evm-4.0.0.tgz#2da8a99c5f833424b41e7a2bc61d9b21b4fb7a12"
  integrity sha512-9GTLg/q+XcZHkNOh3gEw60QJWen/TeJOoqHGwEfJfB1csUx+fIPjYmjepwKUbAwU2+tMUQqcfdt7ajhZmbKWdw==

"@noble/ciphers@^1.3.0":
  version "1.3.0"
  resolved "https://registry.yarnpkg.com/@noble/ciphers/-/ciphers-1.3.0.tgz#f64b8ff886c240e644e5573c097f86e5b43676dc"
  integrity sha512-2I0gnIVPtfnMw9ee9h1dJG7tp81+8Ob3OJb3Mv37rx5L40/b0i7djjCVvGOVqc9AEIQyvyu1i6ypKdFw8R8gQw==

"@noble/curves@1.9.1":
  version "1.9.1"
  resolved "https://registry.yarnpkg.com/@noble/curves/-/curves-1.9.1.tgz#9654a0bc6c13420ae252ddcf975eaf0f58f0a35c"
  integrity sha512-k11yZxZg+t+gWvBbIswW0yoJlu8cHOC7dhunwOzoWH/mXGBiYyR4YY6hAEK/3EUs4UpB8la1RfdRpeGsFHkWsA==
  dependencies:
    "@noble/hashes" "1.8.0"

"@noble/curves@~1.9.0":
  version "1.9.7"
  resolved "https://registry.yarnpkg.com/@noble/curves/-/curves-1.9.7.tgz#79d04b4758a43e4bca2cbdc62e7771352fa6b951"
  integrity sha512-gbKGcRUYIjA3/zCCNaWDciTMFI0dCkvou3TL8Zmy5Nc7sJ47a0jtOeZoTaMxkuqRo9cRhjOdZJXegxYE5FN/xw==
  dependencies:
    "@noble/hashes" "1.8.0"

"@noble/hashes@1.8.0", "@noble/hashes@^1.8.0", "@noble/hashes@~1.8.0":
  version "1.8.0"
  resolved "https://registry.yarnpkg.com/@noble/hashes/-/hashes-1.8.0.tgz#cee43d801fcef9644b11b8194857695acd5f815a"
  integrity sha512-jCs9ldd7NwzpgXDIf6P3+NrHh9/sD6CQdxHyjQI+h/6rDNo88ypBxxz45UDuZHz9r3tNz7N/VInSVoVdtXEI4A==

"@openzeppelin/contracts-upgradeable@5.3.0":
  version "5.3.0"
  resolved "https://registry.yarnpkg.com/@openzeppelin/contracts-upgradeable/-/contracts-upgradeable-5.3.0.tgz#79dba09ab0b4bb49f21544ea738b9de016b0ceea"
  integrity sha512-yVzSSyTMWO6rapGI5tuqkcLpcGGXA0UA1vScyV5EhE5yw8By3Ewex9rDUw8lfVw0iTkvR/egjfcW5vpk03lqZg==

"@openzeppelin/contracts@5.3.0":
  version "5.3.0"
  resolved "https://registry.yarnpkg.com/@openzeppelin/contracts/-/contracts-5.3.0.tgz#0a90ce16f5c855e3c8239691f1722cd4999ae741"
  integrity sha512-zj/KGoW7zxWUE8qOI++rUM18v+VeLTTzKs/DJFkSzHpQFPD/jKKF0TrMxBfGLl3kpdELCNccvB3zmofSzm4nlA==

"@pendle/boros-core@^1.0.4":
  version "1.0.5"
  resolved "https://registry.yarnpkg.com/@pendle/boros-core/-/boros-core-1.0.5.tgz#7183aea9a041c083e99f70e6ef04b36e316f7b8d"
  integrity sha512-X/0hjXezYRr9w92ivOt4qLGJUKIfiRj/ptfzvV6E8obT3gZfHfJ7HC7XKk/8GMn76ddjiwgJvUKr1h74Tve2vA==
  dependencies:
    "@layerzerolabs/lz-evm-protocol-v2" "3.0.148"
    "@layerzerolabs/oapp-evm" "0.4.0"
    "@layerzerolabs/oft-evm" "4.0.0"
    "@openzeppelin/contracts" "5.3.0"
    "@openzeppelin/contracts-upgradeable" "5.3.0"

"@pendle/boros-offchain-math@1.0.6":
  version "1.0.6"
  resolved "https://registry.yarnpkg.com/@pendle/boros-offchain-math/-/boros-offchain-math-1.0.6.tgz#0acfb09bef6b00041c012d109c84378e0dcf4e23"
  integrity sha512-eKmE1Z7fkBIaD1OwOJpeBzKfoKWEgrZJdp5tj6vGwWCW/ekTWSrcp7ALRQ6pFgMTOqK+ci43aIZiUicCvad8jg==
  dependencies:
    tslib "^2.6.2"

"@pendle/sdk-boros@^1.1.30":
  version "1.1.30"
  resolved "https://registry.yarnpkg.com/@pendle/sdk-boros/-/sdk-boros-1.1.30.tgz#05a8ac2c36155b2615fa2bde28ceda1d93b7db0f"
  integrity sha512-XMg1SVtLEKltGkXseB8Xkr8suAP6bX/RxhpyBbCnno7Zt1EnY0cHgOZrfG6uoPr42plAPBFe8PrQ5y9jKZgT3g==
  dependencies:
    "@pendle/boros-core" "^1.0.4"
    "@pendle/boros-offchain-math" "1.0.6"
    axios "^1.8.4"
    date-fns "^4.1.0"
    lru-cache "^11.2.2"
    viem "2.44.4"

"@scure/base@~1.2.5":
  version "1.2.6"
  resolved "https://registry.yarnpkg.com/@scure/base/-/base-1.2.6.tgz#ca917184b8231394dd8847509c67a0be522e59f6"
  integrity sha512-g/nm5FgUa//MCj1gV09zTJTaM6KBAHqLN907YVQqf7zC49+DcO4B1so4ZX07Ef10Twr6nuqYEH9GEggFXA4Fmg==

"@scure/bip32@1.7.0", "@scure/bip32@^1.7.0":
  version "1.7.0"
  resolved "https://registry.yarnpkg.com/@scure/bip32/-/bip32-1.7.0.tgz#b8683bab172369f988f1589640e53c4606984219"
  integrity sha512-E4FFX/N3f4B80AKWp5dP6ow+flD1LQZo/w8UnLGYZO674jS6YnYeepycOOksv+vLPSpgN35wgKgy+ybfTb2SMw==
  dependencies:
    "@noble/curves" "~1.9.0"
    "@noble/hashes" "~1.8.0"
    "@scure/base" "~1.2.5"

"@scure/bip39@1.6.0", "@scure/bip39@^1.6.0":
  version "1.6.0"
  resolved "https://registry.yarnpkg.com/@scure/bip39/-/bip39-1.6.0.tgz#475970ace440d7be87a6086cbee77cb8f1a684f9"
  integrity sha512-+lF0BbLiJNwVlev4eKelw1WWLaiKXw7sSl8T6FvBlWkdX+94aGJ4o8XjUdlyhTCjd8c+B3KT3JfS8P0bLRNU6A==
  dependencies:
    "@noble/hashes" "~1.8.0"
    "@scure/base" "~1.2.5"

abitype@1.2.3, abitype@^1.2.3:
  version "1.2.3"
  resolved "https://registry.yarnpkg.com/abitype/-/abitype-1.2.3.tgz#bec3e09dea97d99ef6c719140bee663a329ad1f4"
  integrity sha512-Ofer5QUnuUdTFsBRwARMoWKOH1ND5ehwYhJ3OJ/BQO+StkwQjHw0XyVh4vDttzHB7QOFhPHa/o413PJ82gU/Tg==

aes-js@3.0.0:
  version "3.0.0"
  resolved "https://registry.yarnpkg.com/aes-js/-/aes-js-3.0.0.tgz#e21df10ad6c2053295bcbb8dab40b09dbea87e4d"
  integrity sha512-H7wUZRn8WpTq9jocdxQ2c8x2sKo9ZVmzfRE13GiNJXfp7NcKYEdvl3vspKjXox6RIG2VtaRe4JFvxG4rqp2Zuw==

asynckit@^0.4.0:
  version "0.4.0"
  resolved "https://registry.yarnpkg.com/asynckit/-/asynckit-0.4.0.tgz#c79ed97f7f34cb8f2ba1bc9790bcc366474b4b79"
  integrity sha512-Oei9OH4tRh0YqU3GxhX79dM/mwVgvbZJaSNaRk+bshkj0S5cfHcgYakreBjrHwatXKbz+IoIdYLxrKim2MjW0Q==

axios@^1.8.4:
  version "1.13.5"
  resolved "https://registry.yarnpkg.com/axios/-/axios-1.13.5.tgz#5e464688fa127e11a660a2c49441c009f6567a43"
  integrity sha512-cz4ur7Vb0xS4/KUN0tPWe44eqxrIu31me+fbang3ijiNscE129POzipJJA6zniq2C/Z6sJCjMimjS8Lc/GAs8Q==
  dependencies:
    follow-redirects "^1.15.11"
    form-data "^4.0.5"
    proxy-from-env "^1.1.0"

bech32@1.1.4:
  version "1.1.4"
  resolved "https://registry.yarnpkg.com/bech32/-/bech32-1.1.4.tgz#e38c9f37bf179b8eb16ae3a772b40c356d4832e9"
  integrity sha512-s0IrSOzLlbvX7yp4WBfPITzpAU8sqQcpsmwXDiKwrG4r491vwCO/XpejasRNl0piBMe/DvP4Tz0mIS/X1DPJBQ==

bn.js@^4.11.9:
  version "4.12.2"
  resolved "https://registry.yarnpkg.com/bn.js/-/bn.js-4.12.2.tgz#3d8fed6796c24e177737f7cc5172ee04ef39ec99"
  integrity sha512-n4DSx829VRTRByMRGdjQ9iqsN0Bh4OolPsFnaZBLcbi8iXcB+kJ9s7EnRt4wILZNV3kPLHkRVfOc/HvhC3ovDw==

bn.js@^5.2.1:
  version "5.2.2"
  resolved "https://registry.yarnpkg.com/bn.js/-/bn.js-5.2.2.tgz#82c09f9ebbb17107cd72cb7fd39bd1f9d0aaa566"
  integrity sha512-v2YAxEmKaBLahNwE1mjp4WON6huMNeuDvagFZW+ASCuA/ku0bXR9hSMw0XpiqMoA3+rmnyck/tPRSFQkoC9Cuw==

brorand@^1.1.0:
  version "1.1.0"
  resolved "https://registry.yarnpkg.com/brorand/-/brorand-1.1.0.tgz#12c25efe40a45e3c323eb8675a0a0ce57b22371f"
  integrity sha512-cKV8tMCEpQs4hK/ik71d6LrPOnpkpGBR0wzxqr68g2m/LB2GxVYQroAjMJZRVM1Y4BCjCKc3vAamxSzOY2RP+w==

call-bind-apply-helpers@^1.0.1, call-bind-apply-helpers@^1.0.2:
  version "1.0.2"
  resolved "https://registry.yarnpkg.com/call-bind-apply-helpers/-/call-bind-apply-helpers-1.0.2.tgz#4b5428c222be985d79c3d82657479dbe0b59b2d6"
  integrity sha512-Sp1ablJ0ivDkSzjcaJdxEunN5/XvksFJ2sMBFfq6x0ryhQV/2b/KwFe21cMpmHtPOSij8K99/wSfoEuTObmuMQ==
  dependencies:
    es-errors "^1.3.0"
    function-bind "^1.1.2"

combined-stream@^1.0.8:
  version "1.0.8"
  resolved "https://registry.yarnpkg.com/combined-stream/-/combined-stream-1.0.8.tgz#c3d45a8b34fd730631a110a8a2520682b31d5a7f"
  integrity sha512-FQN4MRfuJeHf7cBbBMJFXhKSDq+2kAArBlmRBvcvFE5BB1HZKXtSFASDhdlz9zOYwxh8lDdnvmMOe/+5cdoEdg==
  dependencies:
    delayed-stream "~1.0.0"

date-fns@^4.1.0:
  version "4.1.0"
  resolved "https://registry.yarnpkg.com/date-fns/-/date-fns-4.1.0.tgz#64b3d83fff5aa80438f5b1a633c2e83b8a1c2d14"
  integrity sha512-Ukq0owbQXxa/U3EGtsdVBkR1w7KOQ5gIBqdH2hkvknzZPYvBxb/aa6E8L7tmjFtkwZBu3UXBbjIgPo/Ez4xaNg==

delayed-stream@~1.0.0:
  version "1.0.0"
  resolved "https://registry.yarnpkg.com/delayed-stream/-/delayed-stream-1.0.0.tgz#df3ae199acadfb7d440aaae0b29e2272b24ec619"
  integrity sha512-ZySD7Nf91aLB0RxL4KGrKHBXl7Eds1DAmEdcoVawXnLD7SDhpNgtuII2aAkg7a7QS41jxPSZ17p4VdGnMHk3MQ==

dunder-proto@^1.0.1:
  version "1.0.1"
  resolved "https://registry.yarnpkg.com/dunder-proto/-/dunder-proto-1.0.1.tgz#d7ae667e1dc83482f8b70fd0f6eefc50da30f58a"
  integrity sha512-KIN/nDJBQRcXw0MLVhZE9iQHmG68qAVIBg9CqmUYjmQIhgij9U5MFvrqkUL5FbtyyzZuOeOt0zdeRe4UY7ct+A==
  dependencies:
    call-bind-apply-helpers "^1.0.1"
    es-errors "^1.3.0"
    gopd "^1.2.0"

elliptic@6.6.1:
  version "6.6.1"
  resolved "https://registry.yarnpkg.com/elliptic/-/elliptic-6.6.1.tgz#3b8ffb02670bf69e382c7f65bf524c97c5405c06"
  integrity sha512-RaddvvMatK2LJHqFJ+YA4WysVN5Ita9E35botqIYspQ4TkRAlCicdzKOjlyv/1Za5RyTNn7di//eEV0uTAfe3g==
  dependencies:
    bn.js "^4.11.9"
    brorand "^1.1.0"
    hash.js "^1.0.0"
    hmac-drbg "^1.0.1"
    inherits "^2.0.4"
    minimalistic-assert "^1.0.1"
    minimalistic-crypto-utils "^1.0.1"

es-define-property@^1.0.1:
  version "1.0.1"
  resolved "https://registry.yarnpkg.com/es-define-property/-/es-define-property-1.0.1.tgz#983eb2f9a6724e9303f61addf011c72e09e0b0fa"
  integrity sha512-e3nRfgfUZ4rNGL232gUgX06QNyyez04KdjFrF+LTRoOXmrOgFKDg4BCdsjW8EnT69eqdYGmRpJwiPVYNrCaW3g==

es-errors@^1.3.0:
  version "1.3.0"
  resolved "https://registry.yarnpkg.com/es-errors/-/es-errors-1.3.0.tgz#05f75a25dab98e4fb1dcd5e1472c0546d5057c8f"
  integrity sha512-Zf5H2Kxt2xjTvbJvP2ZWLEICxA6j+hAmMzIlypy4xcBg1vKVnx89Wy0GbS+kf5cwCVFFzdCFh2XSCFNULS6csw==

es-object-atoms@^1.0.0, es-object-atoms@^1.1.1:
  version "1.1.1"
  resolved "https://registry.yarnpkg.com/es-object-atoms/-/es-object-atoms-1.1.1.tgz#1c4f2c4837327597ce69d2ca190a7fdd172338c1"
  integrity sha512-FGgH2h8zKNim9ljj7dankFPcICIK9Cp5bm+c2gQSYePhpaG5+esrLODihIorn+Pe6FGJzWhXQotPv73jTaldXA==
  dependencies:
    es-errors "^1.3.0"

es-set-tostringtag@^2.1.0:
  version "2.1.0"
  resolved "https://registry.yarnpkg.com/es-set-tostringtag/-/es-set-tostringtag-2.1.0.tgz#f31dbbe0c183b00a6d26eb6325c810c0fd18bd4d"
  integrity sha512-j6vWzfrGVfyXxge+O0x5sh6cvxAog0a/4Rdd2K36zCMV5eJ+/+tOAngRO8cODMNWbVRdVlmGZQL2YS3yR8bIUA==
  dependencies:
    es-errors "^1.3.0"
    get-intrinsic "^1.2.6"
    has-tostringtag "^1.0.2"
    hasown "^2.0.2"

ethers@^5.7.2:
  version "5.8.0"
  resolved "https://registry.yarnpkg.com/ethers/-/ethers-5.8.0.tgz#97858dc4d4c74afce83ea7562fe9493cedb4d377"
  integrity sha512-DUq+7fHrCg1aPDFCHx6UIPb3nmt2XMpM7Y/g2gLhsl3lIBqeAfOJIl1qEvRf2uq3BiKxmh6Fh5pfp2ieyek7Kg==
  dependencies:
    "@ethersproject/abi" "5.8.0"
    "@ethersproject/abstract-provider" "5.8.0"
    "@ethersproject/abstract-signer" "5.8.0"
    "@ethersproject/address" "5.8.0"
    "@ethersproject/base64" "5.8.0"
    "@ethersproject/basex" "5.8.0"
    "@ethersproject/bignumber" "5.8.0"
    "@ethersproject/bytes" "5.8.0"
    "@ethersproject/constants" "5.8.0"
    "@ethersproject/contracts" "5.8.0"
    "@ethersproject/hash" "5.8.0"
    "@ethersproject/hdnode" "5.8.0"
    "@ethersproject/json-wallets" "5.8.0"
    "@ethersproject/keccak256" "5.8.0"
    "@ethersproject/logger" "5.8.0"
    "@ethersproject/networks" "5.8.0"
    "@ethersproject/pbkdf2" "5.8.0"
    "@ethersproject/properties" "5.8.0"
    "@ethersproject/providers" "5.8.0"
    "@ethersproject/random" "5.8.0"
    "@ethersproject/rlp" "5.8.0"
    "@ethersproject/sha2" "5.8.0"
    "@ethersproject/signing-key" "5.8.0"
    "@ethersproject/solidity" "5.8.0"
    "@ethersproject/strings" "5.8.0"
    "@ethersproject/transactions" "5.8.0"
    "@ethersproject/units" "5.8.0"
    "@ethersproject/wallet" "5.8.0"
    "@ethersproject/web" "5.8.0"
    "@ethersproject/wordlists" "5.8.0"

eventemitter3@5.0.1:
  version "5.0.1"
  resolved "https://registry.yarnpkg.com/eventemitter3/-/eventemitter3-5.0.1.tgz#53f5ffd0a492ac800721bb42c66b841de96423c4"
  integrity sha512-GWkBvjiSZK87ELrYOSESUYeVIc9mvLLf/nXalMOS5dYrgZq9o5OVkbZAVM06CVxYsCwH9BDZFPlQTlPA1j4ahA==

follow-redirects@^1.15.11:
  version "1.15.11"
  resolved "https://registry.yarnpkg.com/follow-redirects/-/follow-redirects-1.15.11.tgz#777d73d72a92f8ec4d2e410eb47352a56b8e8340"
  integrity sha512-deG2P0JfjrTxl50XGCDyfI97ZGVCxIpfKYmfyrQ54n5FO/0gfIES8C/Psl6kWVDolizcaaxZJnTS0QSMxvnsBQ==

form-data@^4.0.5:
  version "4.0.5"
  resolved "https://registry.yarnpkg.com/form-data/-/form-data-4.0.5.tgz#b49e48858045ff4cbf6b03e1805cebcad3679053"
  integrity sha512-8RipRLol37bNs2bhoV67fiTEvdTrbMUYcFTiy3+wuuOnUog2QBHCZWXDRijWQfAkhBj2Uf5UnVaiWwA5vdd82w==
  dependencies:
    asynckit "^0.4.0"
    combined-stream "^1.0.8"
    es-set-tostringtag "^2.1.0"
    hasown "^2.0.2"
    mime-types "^2.1.12"

function-bind@^1.1.2:
  version "1.1.2"
  resolved "https://registry.yarnpkg.com/function-bind/-/function-bind-1.1.2.tgz#2c02d864d97f3ea6c8830c464cbd11ab6eab7a1c"
  integrity sha512-7XHNxH7qX9xG5mIwxkhumTox/MIRNcOgDrxWsMt2pAr23WHp6MrRlN7FBSFpCpr+oVO0F744iUgR82nJMfG2SA==

get-intrinsic@^1.2.6:
  version "1.3.0"
  resolved "https://registry.yarnpkg.com/get-intrinsic/-/get-intrinsic-1.3.0.tgz#743f0e3b6964a93a5491ed1bffaae054d7f98d01"
  integrity sha512-9fSjSaos/fRIVIp+xSJlE6lfwhES7LNtKaCBIamHsjr2na1BiABJPo0mOjjz8GJDURarmCPGqaiVg5mfjb98CQ==
  dependencies:
    call-bind-apply-helpers "^1.0.2"
    es-define-property "^1.0.1"
    es-errors "^1.3.0"
    es-object-atoms "^1.1.1"
    function-bind "^1.1.2"
    get-proto "^1.0.1"
    gopd "^1.2.0"
    has-symbols "^1.1.0"
    hasown "^2.0.2"
    math-intrinsics "^1.1.0"

get-proto@^1.0.1:
  version "1.0.1"
  resolved "https://registry.yarnpkg.com/get-proto/-/get-proto-1.0.1.tgz#150b3f2743869ef3e851ec0c49d15b1d14d00ee1"
  integrity sha512-sTSfBjoXBp89JvIKIefqw7U2CCebsc74kiY6awiGogKtoSGbgjYE/G/+l9sF3MWFPNc9IcoOC4ODfKHfxFmp0g==
  dependencies:
    dunder-proto "^1.0.1"
    es-object-atoms "^1.0.0"

gopd@^1.2.0:
  version "1.2.0"
  resolved "https://registry.yarnpkg.com/gopd/-/gopd-1.2.0.tgz#89f56b8217bdbc8802bd299df6d7f1081d7e51a1"
  integrity sha512-ZUKRh6/kUFoAiTAtTYPZJ3hw9wNxx+BIBOijnlG9PnrJsCcSjs1wyyD6vJpaYtgnzDrKYRSqf3OO6Rfa93xsRg==

has-symbols@^1.0.3, has-symbols@^1.1.0:
  version "1.1.0"
  resolved "https://registry.yarnpkg.com/has-symbols/-/has-symbols-1.1.0.tgz#fc9c6a783a084951d0b971fe1018de813707a338"
  integrity sha512-1cDNdwJ2Jaohmb3sg4OmKaMBwuC48sYni5HUw2DvsC8LjGTLK9h+eb1X6RyuOHe4hT0ULCW68iomhjUoKUqlPQ==

has-tostringtag@^1.0.2:
  version "1.0.2"
  resolved "https://registry.yarnpkg.com/has-tostringtag/-/has-tostringtag-1.0.2.tgz#2cdc42d40bef2e5b4eeab7c01a73c54ce7ab5abc"
  integrity sha512-NqADB8VjPFLM2V0VvHUewwwsw0ZWBaIdgo+ieHtK3hasLz4qeCRjYcqfB6AQrBggRKppKF8L52/VqdVsO47Dlw==
  dependencies:
    has-symbols "^1.0.3"

hash.js@1.1.7, hash.js@^1.0.0, hash.js@^1.0.3:
  version "1.1.7"
  resolved "https://registry.yarnpkg.com/hash.js/-/hash.js-1.1.7.tgz#0babca538e8d4ee4a0f8988d68866537a003cf42"
  integrity sha512-taOaskGt4z4SOANNseOviYDvjEJinIkRgmp7LbKP2YTTmVxWBl87s/uzK9r+44BclBSp2X7K1hqeNfz9JbBeXA==
  dependencies:
    inherits "^2.0.3"
    minimalistic-assert "^1.0.1"

hasown@^2.0.2:
  version "2.0.2"
  resolved "https://registry.yarnpkg.com/hasown/-/hasown-2.0.2.tgz#003eaf91be7adc372e84ec59dc37252cedb80003"
  integrity sha512-0hJU9SCPvmMzIBdZFqNPXWa6dqh7WdH0cII9y+CyS8rG3nL48Bclra9HmKhVVUHyPWNH5Y7xDwAB7bfgSjkUMQ==
  dependencies:
    function-bind "^1.1.2"

hmac-drbg@^1.0.1:
  version "1.0.1"
  resolved "https://registry.yarnpkg.com/hmac-drbg/-/hmac-drbg-1.0.1.tgz#d2745701025a6c775a6c545793ed502fc0c649a1"
  integrity sha512-Tti3gMqLdZfhOQY1Mzf/AanLiqh1WTiJgEj26ZuYQ9fbkLomzGchCws4FyrSd4VkpBfiNhaE1On+lOz894jvXg==
  dependencies:
    hash.js "^1.0.3"
    minimalistic-assert "^1.0.0"
    minimalistic-crypto-utils "^1.0.1"

inherits@^2.0.3, inherits@^2.0.4:
  version "2.0.4"
  resolved "https://registry.yarnpkg.com/inherits/-/inherits-2.0.4.tgz#0fa2c64f932917c3433a0ded55363aae37416b7c"
  integrity sha512-k/vGaX4/Yla3WzyMCvTQOXYeIHvqOKtnqBduzTHpzpQZzAskKMhZ2K+EnBiSM9zGSoIFeMpXKxa4dYeZIQqewQ==

isows@1.0.7:
  version "1.0.7"
  resolved "https://registry.yarnpkg.com/isows/-/isows-1.0.7.tgz#1c06400b7eed216fbba3bcbd68f12490fc342915"
  integrity sha512-I1fSfDCZL5P0v33sVqeTDSpcstAg/N+wF5HS033mogOVIp4B+oHC7oOCsA3axAbBSGTJ8QubbNmnIRN/h8U7hg==

js-sha3@0.8.0:
  version "0.8.0"
  resolved "https://registry.yarnpkg.com/js-sha3/-/js-sha3-0.8.0.tgz#b9b7a5da73afad7dedd0f8c463954cbde6818840"
  integrity sha512-gF1cRrHhIzNfToc802P800N8PpXS+evLLXfsVpowqmAFR9uwbi89WvXg2QspOmXL8QL86J4T1EpFu+yUkwJY3Q==

lru-cache@^11.2.2:
  version "11.2.6"
  resolved "https://registry.yarnpkg.com/lru-cache/-/lru-cache-11.2.6.tgz#356bf8a29e88a7a2945507b31f6429a65a192c58"
  integrity sha512-ESL2CrkS/2wTPfuend7Zhkzo2u0daGJ/A2VucJOgQ/C48S/zB8MMeMHSGKYpXhIjbPxfuezITkaBH1wqv00DDQ==

math-intrinsics@^1.1.0:
  version "1.1.0"
  resolved "https://registry.yarnpkg.com/math-intrinsics/-/math-intrinsics-1.1.0.tgz#a0dd74be81e2aa5c2f27e65ce283605ee4e2b7f9"
  integrity sha512-/IXtbwEk5HTPyEwyKX6hGkYXxM9nbj64B+ilVJnC/R6B0pH5G4V3b0pVbL7DBj4tkhBAppbQUlf6F6Xl9LHu1g==

mime-db@1.52.0:
  version "1.52.0"
  resolved "https://registry.yarnpkg.com/mime-db/-/mime-db-1.52.0.tgz#bbabcdc02859f4987301c856e3387ce5ec43bf70"
  integrity sha512-sPU4uV7dYlvtWJxwwxHD0PuihVNiE7TyAbQ5SWxDCB9mUYvOgroQOwYQQOKPJ8CIbE+1ETVlOoK1UC2nU3gYvg==

mime-types@^2.1.12:
  version "2.1.35"
  resolved "https://registry.yarnpkg.com/mime-types/-/mime-types-2.1.35.tgz#381a871b62a734450660ae3deee44813f70d959a"
  integrity sha512-ZDY+bPm5zTTF+YpCrAU9nK0UgICYPT0QtT1NZWFv4s++TNkcgVaT0g6+4R2uI4MjQjzysHB1zxuWL50hzaeXiw==
  dependencies:
    mime-db "1.52.0"

minimalistic-assert@^1.0.0, minimalistic-assert@^1.0.1:
  version "1.0.1"
  resolved "https://registry.yarnpkg.com/minimalistic-assert/-/minimalistic-assert-1.0.1.tgz#2e194de044626d4a10e7f7fbc00ce73e83e4d5c7"
  integrity sha512-UtJcAD4yEaGtjPezWuO9wC4nwUnVH/8/Im3yEHQP4b67cXlD/Qr9hdITCU1xDbSEXg2XKNaP8jsReV7vQd00/A==

minimalistic-crypto-utils@^1.0.1:
  version "1.0.1"
  resolved "https://registry.yarnpkg.com/minimalistic-crypto-utils/-/minimalistic-crypto-utils-1.0.1.tgz#f6c00c1c0b082246e5c4d99dfb8c7c083b2b582a"
  integrity sha512-JIYlbt6g8i5jKfJ3xz7rF0LXmv2TkDxBLUkiBeZ7bAx4GnnNMr8xFpGnOxn6GhTEHx3SjRrZEoU+j04prX1ktg==

ox@0.11.3:
  version "0.11.3"
  resolved "https://registry.yarnpkg.com/ox/-/ox-0.11.3.tgz#f50be1cae88822f5111b1e3f4a324c4c07eed422"
  integrity sha512-1bWYGk/xZel3xro3l8WGg6eq4YEKlaqvyMtVhfMFpbJzK2F6rj4EDRtqDCWVEJMkzcmEi9uW2QxsqELokOlarw==
  dependencies:
    "@adraffy/ens-normalize" "^1.11.0"
    "@noble/ciphers" "^1.3.0"
    "@noble/curves" "1.9.1"
    "@noble/hashes" "^1.8.0"
    "@scure/bip32" "^1.7.0"
    "@scure/bip39" "^1.6.0"
    abitype "^1.2.3"
    eventemitter3 "5.0.1"

proxy-from-env@^1.1.0:
  version "1.1.0"
  resolved "https://registry.yarnpkg.com/proxy-from-env/-/proxy-from-env-1.1.0.tgz#e102f16ca355424865755d2c9e8ea4f24d58c3e2"
  integrity sha512-D+zkORCbA9f1tdWRK0RaCR3GPv50cMxcrz4X8k5LTSUD1Dkw47mKJEZQNunItRTkWwgtaUSo1RVFRIG9ZXiFYg==

scrypt-js@3.0.1:
  version "3.0.1"
  resolved "https://registry.yarnpkg.com/scrypt-js/-/scrypt-js-3.0.1.tgz#d314a57c2aef69d1ad98a138a21fe9eafa9ee312"
  integrity sha512-cdwTTnqPu0Hyvf5in5asVdZocVDTNRmR7XEcJuIzMjJeSHybHl7vpB66AzwTaIg6CLSbtjcxc8fqcySfnTkccA==

tslib@^2.6.2:
  version "2.8.1"
  resolved "https://registry.yarnpkg.com/tslib/-/tslib-2.8.1.tgz#612efe4ed235d567e8aba5f2a5fab70280ade83f"
  integrity sha512-oJFu94HQb+KVduSUQL7wnpmqnfmLsOA/nAh6b6EH0wCEoK0/mPeXU6c3wKDV83MkOuHPRHtSXKKU99IBazS/2w==

viem@2.44.4:
  version "2.44.4"
  resolved "https://registry.yarnpkg.com/viem/-/viem-2.44.4.tgz#f749f038f9bd5a93b959319a35a1554803a09c2e"
  integrity sha512-sJDLVl2EsS5Fo7GSWZME5CXEV7QRYkUJPeBw7ac+4XI3D4ydvMw/gjulTsT5pgqcpu70BploFnOAC6DLpan1Yg==
  dependencies:
    "@noble/curves" "1.9.1"
    "@noble/hashes" "1.8.0"
    "@scure/bip32" "1.7.0"
    "@scure/bip39" "1.6.0"
    abitype "1.2.3"
    isows "1.0.7"
    ox "0.11.3"
    ws "8.18.3"

ws@8.18.0:
  version "8.18.0"
  resolved "https://registry.yarnpkg.com/ws/-/ws-8.18.0.tgz#0d7505a6eafe2b0e712d232b42279f53bc289bbc"
  integrity sha512-8VbfWfHLbbwu3+N6OKsOMpBdT4kXPDDB9cJk2bJ6mh9ucxdlnNvH1e+roYkKmN9Nxw2yjz7VzeO9oOz2zJ04Pw==

ws@8.18.3:
  version "8.18.3"
  resolved "https://registry.yarnpkg.com/ws/-/ws-8.18.3.tgz#b56b88abffde62791c639170400c93dcb0c95472"
  integrity sha512-PEIGCY5tSlUt50cqyMXfCzX+oOPqN0vuGqWzbcJ2xvnkzkq46oOpz7dQaTDBdfICb4N14+GARUDw2XV2N4tvzg==
